
Microsoft Visual Studio Solution File, Format Version 12.00
# Visual Studio 15
VisualStudioVersion = 15.0.27130.2027
MinimumVisualStudioVersion = 10.0.40219.1
Project("{FAE04EC0-301F-11D3-BF4B-00C04F79EFBC}") = "TesteMapa.Android", "TesteMapa\TesteMapa.Android\TesteMapa.Android.csproj", "{EBAD421C-9DE0-41D2-997A-8F1C99116BE9}"
EndProject
Project("{FAE04EC0-301F-11D3-BF4B-00C04F79EFBC}") = "TesteMapa.iOS", "TesteMapa\TesteMapa.iOS\TesteMapa.iOS.csproj", "{781E2B83-CFBE-4D69-BAA0-FA46C41CFA33}"
EndProject
Project("{FAE04EC0-301F-11D3-BF4B-00C04F79EFBC}") = "TesteMapa", "TesteMapa\TesteMapa\TesteMapa.csproj", "{122A5AF6-50F6-43F4-8DB4-407EBAFAD3F1}"
EndProject
Global
	GlobalSection(SolutionConfigurationPlatforms) = preSolution
		Ad-Hoc|Any CPU = Ad-Hoc|Any CPU
		Ad-Hoc|iPhone = Ad-Hoc|iPhone
		Ad-Hoc|iPhoneSimulator = Ad-Hoc|iPhoneSimulator
		AppStore|Any CPU = AppStore|Any CPU
		AppStore|iPhone = AppStore|iPhone
		AppStore|iPhoneSimulator = AppStore|iPhoneSimulator
		Debug|Any CPU = Debug|Any CPU
		Debug|iPhone = Debug|iPhone
		Debug|iPhoneSimulator = Debug|iPhoneSimulator
		Release|Any CPU = Release|Any CPU
		Release|iPhone = Release|iPhone
		Release|iPhoneSimulator = Release|iPhoneSimulator
	EndGlobalSection
	GlobalSection(ProjectConfigurationPlatforms) = postSolution
		{EBAD421C-9DE0-41D2-997A-8F1C99116BE9}.Ad-Hoc|Any CPU.ActiveCfg = Release|Any CPU
		{EBAD421C-9DE0-41D2-997A-8F1C99116BE9}.Ad-Hoc|Any CPU.Build.0 = Release|Any CPU
		{EBAD421C-9DE0-41D2-997A-8F1C99116BE9}.Ad-Hoc|Any CPU.Deploy.0 = Release|Any CPU
		{EBAD421C-9DE0-41D2-997A-8F1C99116BE9}.Ad-Hoc|iPhone.ActiveCfg = Release|Any CPU
		{EBAD421C-9DE0-41D2-997A-8F1C99116BE9}.Ad-Hoc|iPhone.Build.0 = Release|Any CPU
		{EBAD421C-9DE0-41D2-997A-8F1C99116BE9}.Ad-Hoc|iPhone.Deploy.0 = Release|Any CPU
		{EBAD421C-9DE0-41D2-997A-8F1C99116BE9}.Ad-Hoc|iPhoneSimulator.ActiveCfg = Release|Any CPU
		{EBAD421C-9DE0-41D2-997A-8F1C99116BE9}.Ad-Hoc|iPhoneSimulator.Build.0 = Release|Any CPU
		{EBAD421C-9DE0-41D2-997A-8F1C99116BE9}.Ad-Hoc|iPhoneSimulator.Deploy.0 = Release|Any CPU
		{EBAD421C-9DE0-41D2-997A-8F1C99116BE9}.AppStore|Any CPU.ActiveCfg = Release|Any CPU
		{EBAD421C-9DE0-41D2-997A-8F1C99116BE9}.AppStore|Any CPU.Build.0 = Release|Any CPU
		{EBAD421C-9DE0-41D2-997A-8F1C99116BE9}.AppStore|Any CPU.Deploy.0 = Release|Any CPU
		{EBAD421C-9DE0-41D2-997A-8F1C99116BE9}.AppStore|iPhone.ActiveCfg = Release|Any CPU
		{EBAD421C-9DE0-41D2-997A-8F1C99116BE9}.AppStore|iPhone.Build.0 = Release|Any CPU
		{EBAD421C-9DE0-41D2-997A-8F1C99116BE9}.AppStore|iPhone.Deploy.0 = Release|Any CPU
		{EBAD421C-9DE0-41D2-997A-8F1C99116BE9}.AppStore|iPhoneSimulator.ActiveCfg = Release|Any CPU
		{EBAD421C-9DE0-41D2-997A-8F1C99116BE9}.AppStore|iPhoneSimulator.Build.0 = Release|Any CPU
		{EBAD421C-9DE0-41D2-997A-8F1C99116BE9}.AppStore|iPhoneSimulator.Deploy.0 = Release|Any CPU
		{EBAD421C-9DE0-41D2-997A-8F1C99116BE9}.Debug|Any CPU.ActiveCfg = Debug|Any CPU
		{EBAD421C-9DE0-41D2-997A-8F1C99116BE9}.Debug|Any CPU.Build.0 = Debug|Any CPU
		{EBAD421C-9DE0-41D2-997A-8F1C99116BE9}.Debug|Any CPU.Deploy.0 = Debug|Any CPU
		{EBAD421C-9DE0-41D2-997A-8F1C99116BE9}.Debug|iPhone.ActiveCfg = Debug|Any CPU
		{EBAD421C-9DE0-41D2-997A-8F1C99116BE9}.Debug|iPhone.Build.0 = Debug|Any CPU
		{EBAD421C-9DE0-41D2-997A-8F1C99116BE9}.Debug|iPhone.Deploy.0 = Debug|Any CPU
		{EBAD421C-9DE0-41D2-997A-8F1C99116BE9}.Debug|iPhoneSimulator.ActiveCfg = Debug|Any CPU
		{EBAD421C-9DE0-41D2-997A-8F1C99116BE9}.Debug|iPhoneSimulator.Build.0 = Debug|Any CPU
		{EBAD421C-9DE0-41D2-997A-8F1C99116BE9}.Debug|iPhoneSimulator.Deploy.0 = Debug|Any CPU
		{EBAD421C-9DE0-41D2-997A-8F1C99116BE9}.Release|Any CPU.ActiveCfg = Release|Any CPU
		{EBAD421C-9DE0-41D2-997A-8F1C99116BE9}.Release|Any CPU.Build.0 = Release|Any CPU
		{EBAD421C-9DE0-41D2-997A-8F1C99116BE9}.Release|Any CPU.Deploy.0 = Release|Any CPU
		{EBAD421C-9DE0-41D2-997A-8F1C99116BE9}.Release|iPhone.ActiveCfg = Release|Any CPU
		{EBAD421C-9DE0-41D2-997A-8F1C99116BE9}.Release|iPhone.Build.0 = Release|Any CPU
		{EBAD421C-9DE0-41D2-997A-8F1C99116BE9}.Release|iPhone.Deploy.0 = Release|Any CPU
		{EBAD421C-9DE0-41D2-997A-8F1C99116BE9}.Release|iPhoneSimulator.ActiveCfg = Release|Any CPU
		{EBAD421C-9DE0-41D2-997A-8F1C99116BE9}.Release|iPhoneSimulator.Build.0 = Release|Any CPU
		{EBAD421C-9DE0-41D2-997A-8F1C99116BE9}.Release|iPhoneSimulator.Deploy.0 = Release|Any CPU
		{781E2B83-CFBE-4D69-BAA0-FA46C41CFA33}.Ad-Hoc|Any CPU.ActiveCfg = Ad-Hoc|iPhone
		{781E2B83-CFBE-4D69-BAA0-FA46C41CFA33}.Ad-Hoc|iPhone.ActiveCfg = Ad-Hoc|iPhone
		{781E2B83-CFBE-4D69-BAA0-FA46C41CFA33}.Ad-Hoc|iPhone.Build.0 = Ad-Hoc|iPhone
		{781E2B83-CFBE-4D69-BAA0-FA46C41CFA33}.Ad-Hoc|iPhoneSimulator.ActiveCfg = Ad-Hoc|iPhoneSimulator
		{781E2B83-CFBE-4D69-BAA0-FA46C41CFA33}.Ad-Hoc|iPhoneSimulator.Build.0 = Ad-Hoc|iPhoneSimulator
		{781E2B83-CFBE-4D69-BAA0-FA46C41CFA33}.AppStore|Any CPU.ActiveCfg = AppStore|iPhone
		{781E2B83-CFBE-4D69-BAA0-FA46C41CFA33}.AppStore|iPhone.ActiveCfg = AppStore|iPhone
		{781E2B83-CFBE-4D69-BAA0-FA46C41CFA33}.AppStore|iPhone.Build.0 = AppStore|iPhone
		{781E2B83-CFBE-4D69-BAA0-FA46C41CFA33}.AppStore|iPhoneSimulator.ActiveCfg = AppStore|iPhoneSimulator
		{781E2B83-CFBE-4D69-BAA0-FA46C41CFA33}.AppStore|iPhoneSimulator.Build.0 = AppStore|iPhoneSimulator
		{781E2B83-CFBE-4D69-BAA0-FA46C41CFA33}.Debug|Any CPU.ActiveCfg = Debug|iPhone
		{781E2B83-CFBE-4D69-BAA0-FA46C41CFA33}.Debug|iPhone.ActiveCfg = Debug|iPhone
		{781E2B83-CFBE-4D69-BAA0-FA46C41CFA33}.Debug|iPhone.Build.0 = Debug|iPhone
		{781E2B83-CFBE-4D69-BAA0-FA46C41CFA33}.Debug|iPhoneSimulator.ActiveCfg = Debug|iPhoneSimulator
		{781E2B83-CFBE-4D69-BAA0-FA46C41CFA33}.Debug|iPhoneSimulator.Build.0 = Debug|iPhoneSimulator
		{781E2B83-CFBE-4D69-BAA0-FA46C41CFA33}.Release|Any CPU.ActiveCfg = Release|iPhone
		{781E2B83-CFBE-4D69-BAA0-FA46C41CFA33}.Release|iPhone.ActiveCfg = Release|iPhone
		{781E2B83-CFBE-4D69-BAA0-FA46C41CFA33}.Release|iPhone.Build.0 = Release|iPhone
		{781E2B83-CFBE-4D69-BAA0-FA46C41CFA33}.Release|iPhoneSimulator.ActiveCfg = Release|iPhoneSimulator
		{781E2B83-CFBE-4D69-BAA0-FA46C41CFA33}.Release|iPhoneSimulator.Build.0 = Release|iPhoneSimulator
		{122A5AF6-50F6-43F4-8DB4-407EBAFAD3F1}.Ad-Hoc|Any CPU.ActiveCfg = Debug|Any CPU
		{122A5AF6-50F6-43F4-8DB4-407EBAFAD3F1}.Ad-Hoc|Any CPU.Build.0 = Debug|Any CPU
		{122A5AF6-50F6-43F4-8DB4-407EBAFAD3F1}.Ad-Hoc|iPhone.ActiveCfg = Debug|Any CPU
		{122A5AF6-50F6-43F4-8DB4-407EBAFAD3F1}.Ad-Hoc|iPhone.Build.0 = Debug|Any CPU
		{122A5AF6-50F6-43F4-8DB4-407EBAFAD3F1}.Ad-Hoc|iPhoneSimulator.ActiveCfg = Debug|Any CPU
		{122A5AF6-50F6-43F4-8DB4-407EBAFAD3F1}.Ad-Hoc|iPhoneSimulator.Build.0 = Debug|Any CPU
		{122A5AF6-50F6-43F4-8DB4-407EBAFAD3F1}.AppStore|Any CPU.ActiveCfg = Debug|Any CPU
		{122A5AF6-50F6-43F4-8DB4-407EBAFAD3F1}.AppStore|Any CPU.Build.0 = Debug|Any CPU
		{122A5AF6-50F6-43F4-8DB4-407EBAFAD3F1}.AppStore|iPhone.ActiveCfg = Debug|Any CPU
		{122A5AF6-50F6-43F4-8DB4-407EBAFAD3F1}.AppStore|iPhone.Build.0 = Debug|Any CPU
		{122A5AF6-50F6-43F4-8DB4-407EBAFAD3F1}.AppStore|iPhoneSimulator.ActiveCfg = Debug|Any CPU
		{122A5AF6-50F6-43F4-8DB4-407EBAFAD3F1}.AppStore|iPhoneSimulator.Build.0 = Debug|Any CPU
		{122A5AF6-50F6-43F4-8DB4-407EBAFAD3F1}.Debug|Any CPU.ActiveCfg = Debug|Any CPU
		{122A5AF6-50F6-43F4-8DB4-407EBAFAD3F1}.Debug|Any CPU.Build.0 = Debug|Any CPU
		{122A5AF6-50F6-43F4-8DB4-407EBAFAD3F1}.Debug|iPhone.ActiveCfg = Debug|Any CPU
		{122A5AF6-50F6-43F4-8DB4-407EBAFAD3F1}.Debug|iPhone.Build.0 = Debug|Any CPU
		{122A5AF6-50F6-43F4-8DB4-407EBAFAD3F1}.Debug|iPhoneSimulator.ActiveCfg = Debug|Any CPU
		{122A5AF6-50F6-43F4-8DB4-407EBAFAD3F1}.Debug|iPhoneSimulator.Build.0 = Debug|Any CPU
		{122A5AF6-50F6-43F4-8DB4-407EBAFAD3F1}.Release|Any CPU.ActiveCfg = Release|Any CPU
		{122A5AF6-50F6-43F4-8DB4-407EBAFAD3F1}.Release|Any CPU.Build.0 = Release|Any CPU
		{122A5AF6-50F6-43F4-8DB4-407EBAFAD3F1}.Release|iPhone.ActiveCfg = Release|Any CPU
		{122A5AF6-50F6-43F4-8DB4-407EBAFAD3F1}.Release|iPhone.Build.0 = Release|Any CPU
		{122A5AF6-50F6-43F4-8DB4-407EBAFAD3F1}.Release|iPhoneSimulator.ActiveCfg = Release|Any CPU
		{122A5AF6-50F6-43F4-8DB4-407EBAFAD3F1}.Release|iPhoneSimulator.Build.0 = Release|Any CPU
	EndGlobalSection
	GlobalSection(SolutionProperties) = preSolution
		HideSolutionNode = FALSE
	EndGlobalSection
	GlobalSection(ExtensibilityGlobals) = postSolution
		SolutionGuid = {C7734A42-EE0E-4B3B-8072-EB5041CA62D8}
	EndGlobalSection
EndGlobal
